
Microsoft Visual Studio Solution File, Format Version 12.00
# Visual Studio Version 16
VisualStudioVersion = 16.0.31005.135
MinimumVisualStudioVersion = 10.0.40219.1
Project("{FAE04EC0-301F-11D3-BF4B-00C04F79EFBC}") = "Servicios.api.Libreria", "Servicios.api.Libreria\Servicios.api.Libreria.csproj", "{22B98157-5C63-459E-83D7-515F551FCDF2}"
EndProject
Global
	GlobalSection(SolutionConfigurationPlatforms) = preSolution
		Debug|Any CPU = Debug|Any CPU
		Release|Any CPU = Release|Any CPU
	EndGlobalSection
	GlobalSection(ProjectConfigurationPlatforms) = postSolution
		{22B98157-5C63-459E-83D7-515F551FCDF2}.Debug|Any CPU.ActiveCfg = Debug|Any CPU
		{22B98157-5C63-459E-83D7-515F551FCDF2}.Debug|Any CPU.Build.0 = Debug|Any CPU
		{22B98157-5C63-459E-83D7-515F551FCDF2}.Release|Any CPU.ActiveCfg = Release|Any CPU
		{22B98157-5C63-459E-83D7-515F551FCDF2}.Release|Any CPU.Build.0 = Release|Any CPU
	EndGlobalSection
	GlobalSection(SolutionProperties) = preSolution
		HideSolutionNode = FALSE
	EndGlobalSection
	GlobalSection(ExtensibilityGlobals) = postSolution
		SolutionGuid = {128B012A-F274-427E-93EA-3526EBC5151B}
	EndGlobalSection
EndGlobal
